{
  "lockfileVersion": 1,
  "configVersion": 1,
  "workspaces": {
    "": {
      "name": "canvaskit-backdrop-experiment",
      "dependencies": {
        "canvaskit-wasm": "0.42.0",
      },
    },
  },
  "packages": {
    "@webgpu/types": ["@webgpu/types@0.1.21", "", {}, "sha512-pUrWq3V5PiSGFLeLxoGqReTZmiiXwY3jRkIG5sLLKjyqNxrwm/04b4nw7LSmGWJcKk59XOM/YRTUwOzo4MMlow=="],

    "canvaskit-wasm": ["canvaskit-wasm@0.42.0", "", { "dependencies": { "@webgpu/types": "0.1.21" } }, "sha512-N3ikotmzYwDVAcpQKDMptBT2P5pIEWS9ywdmrQA2awwaMF9cxKEFuxZZHv9ay1Em9kDjxDsPtwUzDm1uNj136g=="],
  }
}
